
Microsoft Visual Studio Solution File, Format Version 12.00
# Visual Studio Version 16
VisualStudioVersion = 16.0.31105.61
MinimumVisualStudioVersion = 10.0.40219.1
Project("{FAE04EC0-301F-11D3-BF4B-00C04F79EFBC}") = "XmlDbDemo", "XmlDbDemo\XmlDbDemo.csproj", "{6C1BB7A1-C2FD-4B00-9ED8-9843AEE9D7FB}"
EndProject
Global
	GlobalSection(SolutionConfigurationPlatforms) = preSolution
		Debug|Any CPU = Debug|Any CPU
		Release|Any CPU = Release|Any CPU
	EndGlobalSection
	GlobalSection(ProjectConfigurationPlatforms) = postSolution
		{6C1BB7A1-C2FD-4B00-9ED8-9843AEE9D7FB}.Debug|Any CPU.ActiveCfg = Debug|Any CPU
		{6C1BB7A1-C2FD-4B00-9ED8-9843AEE9D7FB}.Debug|Any CPU.Build.0 = Debug|Any CPU
		{6C1BB7A1-C2FD-4B00-9ED8-9843AEE9D7FB}.Release|Any CPU.ActiveCfg = Release|Any CPU
		{6C1BB7A1-C2FD-4B00-9ED8-9843AEE9D7FB}.Release|Any CPU.Build.0 = Release|Any CPU
	EndGlobalSection
	GlobalSection(SolutionProperties) = preSolution
		HideSolutionNode = FALSE
	EndGlobalSection
	GlobalSection(ExtensibilityGlobals) = postSolution
		SolutionGuid = {E20B59AA-723A-491A-BFD7-75938686D57D}
	EndGlobalSection
EndGlobal
